
Microsoft Visual Studio Solution File, Format Version 12.00
# Visual Studio Version 17
VisualStudioVersion = 17.10.35013.160
MinimumVisualStudioVersion = 10.0.40219.1
Project("{9A19103F-16F7-4668-BE54-9A1E7A4F7556}") = "AdvertisementApp.Common", "AdvertisementCommon\AdvertisementApp.Common.csproj", "{447BE0B2-822D-43CF-B998-E3075D39A6B7}"
EndProject
Project("{9A19103F-16F7-4668-BE54-9A1E7A4F7556}") = "AdvertisementApp.Entity", "Advertisement.Entity\AdvertisementApp.Entity.csproj", "{146EB33C-073A-43C0-B902-0B4B6FB21AC6}"
EndProject
Project("{9A19103F-16F7-4668-BE54-9A1E7A4F7556}") = "AdvertisementApp.DataAccess", "Advertisement.DataAccess\AdvertisementApp.DataAccess.csproj", "{E311FBAA-B32E-4BAF-9BA7-842B0691D537}"
EndProject
Project("{FAE04EC0-301F-11D3-BF4B-00C04F79EFBC}") = "AdvertisementApp.Business", "AdvertisementApp.Business\AdvertisementApp.Business.csproj", "{4DB083B8-7C2D-4305-B84D-E15C0914EE19}"
EndProject
Project("{FAE04EC0-301F-11D3-BF4B-00C04F79EFBC}") = "AdvertisementApp.Web", "AdvertisementApp.Web\AdvertisementApp.Web.csproj", "{37326FDB-731A-4BB8-AE14-2B5B00537303}"
EndProject
Project("{FAE04EC0-301F-11D3-BF4B-00C04F79EFBC}") = "AdvertisementApp.Dtos", "AdvertisementApp.Dtos\AdvertisementApp.Dtos.csproj", "{48CCCE67-A772-455D-AC95-744CE503D310}"
EndProject
Global
	GlobalSection(SolutionConfigurationPlatforms) = preSolution
		Debug|Any CPU = Debug|Any CPU
		Release|Any CPU = Release|Any CPU
	EndGlobalSection
	GlobalSection(ProjectConfigurationPlatforms) = postSolution
		{447BE0B2-822D-43CF-B998-E3075D39A6B7}.Debug|Any CPU.ActiveCfg = Debug|Any CPU
		{447BE0B2-822D-43CF-B998-E3075D39A6B7}.Debug|Any CPU.Build.0 = Debug|Any CPU
		{447BE0B2-822D-43CF-B998-E3075D39A6B7}.Release|Any CPU.ActiveCfg = Release|Any CPU
		{447BE0B2-822D-43CF-B998-E3075D39A6B7}.Release|Any CPU.Build.0 = Release|Any CPU
		{146EB33C-073A-43C0-B902-0B4B6FB21AC6}.Debug|Any CPU.ActiveCfg = Debug|Any CPU
		{146EB33C-073A-43C0-B902-0B4B6FB21AC6}.Debug|Any CPU.Build.0 = Debug|Any CPU
		{146EB33C-073A-43C0-B902-0B4B6FB21AC6}.Release|Any CPU.ActiveCfg = Release|Any CPU
		{146EB33C-073A-43C0-B902-0B4B6FB21AC6}.Release|Any CPU.Build.0 = Release|Any CPU
		{E311FBAA-B32E-4BAF-9BA7-842B0691D537}.Debug|Any CPU.ActiveCfg = Debug|Any CPU
		{E311FBAA-B32E-4BAF-9BA7-842B0691D537}.Debug|Any CPU.Build.0 = Debug|Any CPU
		{E311FBAA-B32E-4BAF-9BA7-842B0691D537}.Release|Any CPU.ActiveCfg = Release|Any CPU
		{E311FBAA-B32E-4BAF-9BA7-842B0691D537}.Release|Any CPU.Build.0 = Release|Any CPU
		{4DB083B8-7C2D-4305-B84D-E15C0914EE19}.Debug|Any CPU.ActiveCfg = Debug|Any CPU
		{4DB083B8-7C2D-4305-B84D-E15C0914EE19}.Debug|Any CPU.Build.0 = Debug|Any CPU
		{4DB083B8-7C2D-4305-B84D-E15C0914EE19}.Release|Any CPU.ActiveCfg = Release|Any CPU
		{4DB083B8-7C2D-4305-B84D-E15C0914EE19}.Release|Any CPU.Build.0 = Release|Any CPU
		{37326FDB-731A-4BB8-AE14-2B5B00537303}.Debug|Any CPU.ActiveCfg = Debug|Any CPU
		{37326FDB-731A-4BB8-AE14-2B5B00537303}.Debug|Any CPU.Build.0 = Debug|Any CPU
		{37326FDB-731A-4BB8-AE14-2B5B00537303}.Release|Any CPU.ActiveCfg = Release|Any CPU
		{37326FDB-731A-4BB8-AE14-2B5B00537303}.Release|Any CPU.Build.0 = Release|Any CPU
		{48CCCE67-A772-455D-AC95-744CE503D310}.Debug|Any CPU.ActiveCfg = Debug|Any CPU
		{48CCCE67-A772-455D-AC95-744CE503D310}.Debug|Any CPU.Build.0 = Debug|Any CPU
		{48CCCE67-A772-455D-AC95-744CE503D310}.Release|Any CPU.ActiveCfg = Release|Any CPU
		{48CCCE67-A772-455D-AC95-744CE503D310}.Release|Any CPU.Build.0 = Release|Any CPU
	EndGlobalSection
	GlobalSection(SolutionProperties) = preSolution
		HideSolutionNode = FALSE
	EndGlobalSection
	GlobalSection(ExtensibilityGlobals) = postSolution
		SolutionGuid = {878230E3-5CD7-47DB-9B10-41A031FCAC3A}
	EndGlobalSection
EndGlobal
